version: 1.0
shards:
  CrSerializer:
    github: blacksmoke16/CrSerializer
    commit: 65c527c8d52ebff79e8164768b5396c31f9a6bb3

  amber_router:
    github: amberframework/amber-router
    version: 0.3.0

  ameba:
    github: crystal-ameba/ameba
    version: 0.11.0

  assert:
    github: blacksmoke16/assert
    version: 0.2.0

  athena:
    github: athena-framework/athena
    commit: b43317b05753c74bc838cb08a049758d60a650ea

  athena-config:
    github: athena-framework/config
    version: 0.1.0

  athena-dependency_injection:
    github: athena-framework/dependency-injection
    version: 0.1.1

  athena-event_dispatcher:
    github: athena-framework/event-dispatcher
    version: 0.1.0

  bindata:
    github: spider-gazelle/bindata
    version: 1.2.0

  db:
    github: crystal-lang/crystal-db
    version: 0.8.0

  granite:
    github: amberframework/granite
    version: 0.19.0

  jwt:
    github: crystal-community/jwt
    version: 1.4.0

  openssl_ext:
    github: stakach/openssl_ext
    version: 1.2.0

  pg:
    github: will/crystal-pg
    version: 0.20.0

